
Microsoft Visual Studio Solution File, Format Version 12.00
# Visual Studio Version 17
VisualStudioVersion = 17.14.37328.6
MinimumVisualStudioVersion = 10.0.40219.1
Project("{FAE04EC0-301F-11D3-BF4B-00C04F79EFBC}") = "proyecto-2", "proyecto-2\proyecto-2.csproj", "{0BD81953-AE12-4EFE-8165-4541C86DF891}"
EndProject
Project("{2150E333-8FDC-42A3-9474-1A3956D46DE8}") = "Solution Items", "Solution Items", "{02EA681E-C7D8-13C7-8484-4AC65E1B71E8}"
EndProject
Project("{FAE04EC0-301F-11D3-BF4B-00C04F79EFBC}") = "Frontend-Dashboard", "Frontend-Dashboard\Frontend-Dashboard.csproj", "{B680A485-598C-4678-AFE2-E69B8BA6C8DC}"
EndProject
Global
	GlobalSection(SolutionConfigurationPlatforms) = preSolution
		Debug|Any CPU = Debug|Any CPU
		Release|Any CPU = Release|Any CPU
	EndGlobalSection
	GlobalSection(ProjectConfigurationPlatforms) = postSolution
		{0BD81953-AE12-4EFE-8165-4541C86DF891}.Debug|Any CPU.ActiveCfg = Debug|Any CPU
		{0BD81953-AE12-4EFE-8165-4541C86DF891}.Debug|Any CPU.Build.0 = Debug|Any CPU
		{0BD81953-AE12-4EFE-8165-4541C86DF891}.Release|Any CPU.ActiveCfg = Release|Any CPU
		{0BD81953-AE12-4EFE-8165-4541C86DF891}.Release|Any CPU.Build.0 = Release|Any CPU
		{B680A485-598C-4678-AFE2-E69B8BA6C8DC}.Debug|Any CPU.ActiveCfg = Debug|Any CPU
		{B680A485-598C-4678-AFE2-E69B8BA6C8DC}.Debug|Any CPU.Build.0 = Debug|Any CPU
		{B680A485-598C-4678-AFE2-E69B8BA6C8DC}.Release|Any CPU.ActiveCfg = Release|Any CPU
		{B680A485-598C-4678-AFE2-E69B8BA6C8DC}.Release|Any CPU.Build.0 = Release|Any CPU
	EndGlobalSection
	GlobalSection(SolutionProperties) = preSolution
		HideSolutionNode = FALSE
	EndGlobalSection
	GlobalSection(ExtensibilityGlobals) = postSolution
		SolutionGuid = {CB43F635-C560-4498-AD96-A23048CBC9A1}
	EndGlobalSection
EndGlobal
